{
  "lockfileVersion": 1,
  "configVersion": 1,
  "workspaces": {
    "": {
      "name": "@claude-loom/notify-service",
      "dependencies": {
        "@ngrok/ngrok": "^1.6.0",
        "claude-hooks-sdk": "^0.8.6",
        "commander": "^14.0.2",
        "discord.js": "^14.25.1",
        "marked": "^17.0.1",
      },
      "devDependencies": {
        "@types/bun": "latest",
        "typescript": "^5.0.0",
      },
      "peerDependencies": {
        "bun": ">=1.0.0",
      },
    },
  },
  "packages": {
    "@discordjs/builders": ["@discordjs/builders@1.13.1", "", { "dependencies": { "@discordjs/formatters": "^0.6.2", "@discordjs/util": "^1.2.0", "@sapphire/shapeshift": "^4.0.0", "discord-api-types": "^0.38.33", "fast-deep-equal": "^3.1.3", "ts-mixer": "^6.0.4", "tslib": "^2.6.3" } }, "sha512-cOU0UDHc3lp/5nKByDxkmRiNZBpdp0kx55aarbiAfakfKJHlxv/yFW1zmIqCAmwH5CRlrH9iMFKJMpvW4DPB+w=="],

    "@discordjs/collection": ["@discordjs/collection@1.5.3", "", {}, "sha512-SVb428OMd3WO1paV3rm6tSjM4wC+Kecaa1EUGX7vc6/fddvw/6lg90z4QtCqm21zvVe92vMMDt9+DkIvjXImQQ=="],

    "@discordjs/formatters": ["@discordjs/formatters@0.6.2", "", { "dependencies": { "discord-api-types": "^0.38.33" } }, "sha512-y4UPwWhH6vChKRkGdMB4odasUbHOUwy7KL+OVwF86PvT6QVOwElx+TiI1/6kcmcEe+g5YRXJFiXSXUdabqZOvQ=="],

    "@discordjs/rest": ["@discordjs/rest@2.6.0", "", { "dependencies": { "@discordjs/collection": "^2.1.1", "@discordjs/util": "^1.1.1", "@sapphire/async-queue": "^1.5.3", "@sapphire/snowflake": "^3.5.3", "@vladfrangu/async_event_emitter": "^2.4.6", "discord-api-types": "^0.38.16", "magic-bytes.js": "^1.10.0", "tslib": "^2.6.3", "undici": "6.21.3" } }, "sha512-RDYrhmpB7mTvmCKcpj+pc5k7POKszS4E2O9TYc+U+Y4iaCP+r910QdO43qmpOja8LRr1RJ0b3U+CqVsnPqzf4w=="],

    "@discordjs/util": ["@discordjs/util@1.2.0", "", { "dependencies": { "discord-api-types": "^0.38.33" } }, "sha512-3LKP7F2+atl9vJFhaBjn4nOaSWahZ/yWjOvA4e5pnXkt2qyXRCHLxoBQy81GFtLGCq7K9lPm9R517M1U+/90Qg=="],

    "@discordjs/ws": ["@discordjs/ws@1.2.3", "", { "dependencies": { "@discordjs/collection": "^2.1.0", "@discordjs/rest": "^2.5.1", "@discordjs/util": "^1.1.0", "@sapphire/async-queue": "^1.5.2", "@types/ws": "^8.5.10", "@vladfrangu/async_event_emitter": "^2.2.4", "discord-api-types": "^0.38.1", "tslib": "^2.6.2", "ws": "^8.17.0" } }, "sha512-wPlQDxEmlDg5IxhJPuxXr3Vy9AjYq5xCvFWGJyD7w7Np8ZGu+Mc+97LCoEc/+AYCo2IDpKioiH0/c/mj5ZR9Uw=="],

    "@ngrok/ngrok": ["@ngrok/ngrok@1.6.0", "", { "optionalDependencies": { "@ngrok/ngrok-android-arm64": "1.6.0", "@ngrok/ngrok-darwin-arm64": "1.6.0", "@ngrok/ngrok-darwin-universal": "1.6.0", "@ngrok/ngrok-darwin-x64": "1.6.0", "@ngrok/ngrok-freebsd-x64": "1.6.0", "@ngrok/ngrok-linux-arm-gnueabihf": "1.6.0", "@ngrok/ngrok-linux-arm64-gnu": "1.6.0", "@ngrok/ngrok-linux-arm64-musl": "1.6.0", "@ngrok/ngrok-linux-x64-gnu": "1.6.0", "@ngrok/ngrok-linux-x64-musl": "1.6.0", "@ngrok/ngrok-win32-arm64-msvc": "1.6.0", "@ngrok/ngrok-win32-ia32-msvc": "1.6.0", "@ngrok/ngrok-win32-x64-msvc": "1.6.0" } }, "sha512-TWC6nh4Kl16HjhG/bVhpYNP5UIyJc9oZetCrnO4r5+gq95eIxZKoLXzuAyC0gF/J+NEY3c1euFAET5Sn9wOWaw=="],

    "@ngrok/ngrok-android-arm64": ["@ngrok/ngrok-android-arm64@1.6.0", "", { "os": "android", "cpu": "arm64" }, "sha512-gOfVVjYq7ruPMgH108j99uaBUkwD1DxDpnk+RufQHzxRKL72MZad7QfaRwc1v8iRMyOh3EKYYvU2y8HSXDbSkA=="],

    "@ngrok/ngrok-darwin-arm64": ["@ngrok/ngrok-darwin-arm64@1.6.0", "", { "os": "darwin", "cpu": "arm64" }, "sha512-YdKlEkz0PHHnoy2UlEH2XMrupetmT6K6bLrF+MFWrKYKpIbOuGV4HcVioh1iu0NTmn7xJwrAbo/Mwx2E95/qdg=="],

    "@ngrok/ngrok-darwin-universal": ["@ngrok/ngrok-darwin-universal@1.6.0", "", { "os": "darwin" }, "sha512-yiUCkg10+vUKgvkD2rAZHlzvZmINUNF7mna7iL+ydh4pOx6jamSwDQ2QRseVAyxC9eZVy/rKFYLVnz2Ci+0D9w=="],

    "@ngrok/ngrok-darwin-x64": ["@ngrok/ngrok-darwin-x64@1.6.0", "", { "os": "darwin", "cpu": "x64" }, "sha512-a6LbwODDDCRpriILe+1lq+zuIjGbj+pR1A0KThTP8riVTQ538DMqR09kv5Oz7ZqcclS/IK+3ZLKkxHuPX9ob3g=="],

    "@ngrok/ngrok-freebsd-x64": ["@ngrok/ngrok-freebsd-x64@1.6.0", "", { "os": "freebsd", "cpu": "x64" }, "sha512-t77ayWr0zPrW75DstzvoE6Hwj7h1mpQSFKQ3I0B3iC9o7XZhcNkwFpX8QLbmQNkeHxz5UhlBtzOYPdzDJY+3uw=="],

    "@ngrok/ngrok-linux-arm-gnueabihf": ["@ngrok/ngrok-linux-arm-gnueabihf@1.6.0", "", { "os": "linux", "cpu": "arm" }, "sha512-NBCJnPAbl44Ua3dpO+kOkyz4cGGLu2FiDcEHBES7OARiSscoui+DyNPLe5auZFjag5/0B3ZNiDgCcdRBAi+KNQ=="],

    "@ngrok/ngrok-linux-arm64-gnu": ["@ngrok/ngrok-linux-arm64-gnu@1.6.0", "", { "os": "linux", "cpu": "arm64" }, "sha512-i65WIaeImO2/oyTfwUAVW1j/poLMzX/PAYsDRLXOac6/1DV6kIQX1kmr+CEs6NtmKgD76QiApbqtksd9MDlncg=="],

    "@ngrok/ngrok-linux-arm64-musl": ["@ngrok/ngrok-linux-arm64-musl@1.6.0", "", { "os": "linux", "cpu": "arm64" }, "sha512-7osqE43Pl6HiTeLZSEnSTtgbNQ1zqYovYjZ7lGgeKJHlgWXE6RvE7qhdjDw17ebUuT0IS8JPGZFnlyF6J0UKPQ=="],

    "@ngrok/ngrok-linux-x64-gnu": ["@ngrok/ngrok-linux-x64-gnu@1.6.0", "", { "os": "linux", "cpu": "x64" }, "sha512-jP3enLStnTGTKLBXqctVt3wIVvGLP/BkLKYuXwrU1EqchtvDcsAhpspeUeX23SAtLXUgbX9vN1B6IvsAxWcyxw=="],

    "@ngrok/ngrok-linux-x64-musl": ["@ngrok/ngrok-linux-x64-musl@1.6.0", "", { "os": "linux", "cpu": "x64" }, "sha512-hrBrXCofgmY9pc36N0nfDS+bfomu5hOqt0N5IQkL4n0UaQcl48tKddIex2eR+mU3QBYh6p1XKxAwyAVjwplD2w=="],

    "@ngrok/ngrok-win32-arm64-msvc": ["@ngrok/ngrok-win32-arm64-msvc@1.6.0", "", { "os": "win32", "cpu": "arm64" }, "sha512-EXJXFaXh/cNRaTqs02EmysILtcSImFWwC98mjG6PU5MEG+gqNz8AddnqFytY0RRxkR9SxwnC+7QAV3qYOSU6kA=="],

    "@ngrok/ngrok-win32-ia32-msvc": ["@ngrok/ngrok-win32-ia32-msvc@1.6.0", "", { "os": "win32", "cpu": "ia32" }, "sha512-R+5WB6ONT4ynHFusxRw8kbXx2SBYftl6XUiNQNmwwCdwdNO7fPzdwhbmbzgfCEjQrYQrXD1vs5J+zJJeSaAicw=="],

    "@ngrok/ngrok-win32-x64-msvc": ["@ngrok/ngrok-win32-x64-msvc@1.6.0", "", { "os": "win32", "cpu": "x64" }, "sha512-4QViW0GSPsjmghYPExO0Jt9DtIybK23MXPP0BltOuoFP0iyA15vb03QXAI4223zlSLWSWYnOx+qnCuzV1qT0lQ=="],

    "@oven/bun-darwin-aarch64": ["@oven/bun-darwin-aarch64@1.3.4", "", { "os": "darwin", "cpu": "arm64" }, "sha512-2Ie4jDGvNGuPSD+pyyBKL8dJmX+bZfDNYEalwgROImVtwB1XYAatJK20dMaRlPA7jOhjvS9Io+4IZAJu7Js0AA=="],

    "@oven/bun-darwin-x64": ["@oven/bun-darwin-x64@1.3.4", "", { "os": "darwin", "cpu": "x64" }, "sha512-4/BJojT8hk5g6Gecjn5yI7y96/+9Mtzsvdp9+2dcy9sTMdlV7jBvDzswqyJPZyQqw0F3HV3Vu9XuMubZwKd9lA=="],

    "@oven/bun-darwin-x64-baseline": ["@oven/bun-darwin-x64-baseline@1.3.4", "", { "os": "darwin", "cpu": "x64" }, "sha512-ZYxzIOCDqylTMsnWYERjKMMuK2b4an4qbloBmUZTwLHmVzos00yrhtpitZhJBgH6yB/l4Q5eoJ2W98UKtFFeiQ=="],

    "@oven/bun-linux-aarch64": ["@oven/bun-linux-aarch64@1.3.4", "", { "os": "linux", "cpu": "arm64" }, "sha512-8DUIlanftMdFxLGq2FxwKwfrp8O4ZofF/8Oc6lxCyEFmg2hixbHhL04+fPfJIi5D4hZloynxZdwTeDbGv/Kc4A=="],

    "@oven/bun-linux-aarch64-musl": ["@oven/bun-linux-aarch64-musl@1.3.4", "", { "os": "linux", "cpu": "arm64" }, "sha512-6UtmM4wXgRKz+gnLZEfddfsuBSVQpJr09K12e5pbdnLzeWgXYlBT5FG8S7SVn1t6cbgBMnigEsFjWwfTuMNoCw=="],

    "@oven/bun-linux-x64": ["@oven/bun-linux-x64@1.3.4", "", { "os": "linux", "cpu": "x64" }, "sha512-03iSDMqdrmIFAsvsRptq+A7EGNjkg20dNzPnqxAlXHk5rc1PeIRWIP0eIn0i3nI6mmdj33mimf9AGr0+d0lKMg=="],

    "@oven/bun-linux-x64-baseline": ["@oven/bun-linux-x64-baseline@1.3.4", "", { "os": "linux", "cpu": "x64" }, "sha512-ZMGPbFPqmG/VYJv61D+Y1V7T23jPK57vYl7yYLakmkTRjG6vcJ0Akhb2qR1iW94rHvfEBjeuVDAZBp8Qp9oyWA=="],

    "@oven/bun-linux-x64-musl": ["@oven/bun-linux-x64-musl@1.3.4", "", { "os": "linux", "cpu": "x64" }, "sha512-xUXPuJHndGhk4K3Cx1FgTyTgDZOn+ki3eWvdXYqKdfi0EaNA9KpUq+/vUtpJbZRjzpHs9L+OJcdDILq5H0LX4g=="],

    "@oven/bun-linux-x64-musl-baseline": ["@oven/bun-linux-x64-musl-baseline@1.3.4", "", { "os": "linux", "cpu": "x64" }, "sha512-qsGSSlNsxiX8lAayK2uYCfMLtqu776F0nn7qoyzg9Ti7mElM3woNh7RtGClTwQ6qsp5/UvgqT9g4pLaDHmqJFg=="],

    "@oven/bun-windows-x64": ["@oven/bun-windows-x64@1.3.4", "", { "os": "win32", "cpu": "x64" }, "sha512-nswsuN6+HZPim6x4tFpDFpMa/qpTKfywbGvCkzxwrbJO9MtpuW/54NA1nFbHhpV14OLU0xuxyBj2PK4FHq4MlA=="],

    "@oven/bun-windows-x64-baseline": ["@oven/bun-windows-x64-baseline@1.3.4", "", { "os": "win32", "cpu": "x64" }, "sha512-ZQiSDFfSUdOrPTiL2GvkxlC/kMED4fsJwdZnwJK6S9ylXnk9xY/9ZXfe1615SFLQl2LsVRzJAtjQLeM0BifIKQ=="],

    "@sapphire/async-queue": ["@sapphire/async-queue@1.5.5", "", {}, "sha512-cvGzxbba6sav2zZkH8GPf2oGk9yYoD5qrNWdu9fRehifgnFZJMV+nuy2nON2roRO4yQQ+v7MK/Pktl/HgfsUXg=="],

    "@sapphire/shapeshift": ["@sapphire/shapeshift@4.0.0", "", { "dependencies": { "fast-deep-equal": "^3.1.3", "lodash": "^4.17.21" } }, "sha512-d9dUmWVA7MMiKobL3VpLF8P2aeanRTu6ypG2OIaEv/ZHH/SUQ2iHOVyi5wAPjQ+HmnMuL0whK9ez8I/raWbtIg=="],

    "@sapphire/snowflake": ["@sapphire/snowflake@3.5.3", "", {}, "sha512-jjmJywLAFoWeBi1W7994zZyiNWPIiqRRNAmSERxyg93xRGzNYvGjlZ0gR6x0F4gPRi2+0O6S71kOZYyr3cxaIQ=="],

    "@types/bun": ["@types/bun@1.3.4", "", { "dependencies": { "bun-types": "1.3.4" } }, "sha512-EEPTKXHP+zKGPkhRLv+HI0UEX8/o+65hqARxLy8Ov5rIxMBPNTjeZww00CIihrIQGEQBYg+0roO5qOnS/7boGA=="],

    "@types/node": ["@types/node@24.10.1", "", { "dependencies": { "undici-types": "~7.16.0" } }, "sha512-GNWcUTRBgIRJD5zj+Tq0fKOJ5XZajIiBroOF0yvj2bSU1WvNdYS/dn9UxwsujGW4JX06dnHyjV2y9rRaybH0iQ=="],

    "@types/ws": ["@types/ws@8.18.1", "", { "dependencies": { "@types/node": "*" } }, "sha512-ThVF6DCVhA8kUGy+aazFQ4kXQ7E1Ty7A3ypFOe0IcJV8O/M511G99AW24irKrW56Wt44yG9+ij8FaqoBGkuBXg=="],

    "@vladfrangu/async_event_emitter": ["@vladfrangu/async_event_emitter@2.4.7", "", {}, "sha512-Xfe6rpCTxSxfbswi/W/Pz7zp1WWSNn4A0eW4mLkQUewCrXXtMj31lCg+iQyTkh/CkusZSq9eDflu7tjEDXUY6g=="],

    "base64-js": ["base64-js@1.5.1", "", {}, "sha512-AKpaYlHn8t4SVbOHCy+b5+KKgvR4vrsD8vbvrbiQJps7fKDTkjkDry6ji0rUJjC0kzbNePLwzxq8iypo41qeWA=="],

    "better-sqlite3": ["better-sqlite3@12.5.0", "", { "dependencies": { "bindings": "^1.5.0", "prebuild-install": "^7.1.1" } }, "sha512-WwCZ/5Diz7rsF29o27o0Gcc1Du+l7Zsv7SYtVPG0X3G/uUI1LqdxrQI7c9Hs2FWpqXXERjW9hp6g3/tH7DlVKg=="],

    "bindings": ["bindings@1.5.0", "", { "dependencies": { "file-uri-to-path": "1.0.0" } }, "sha512-p2q/t/mhvuOj/UeLlV6566GD/guowlr0hHxClI0W9m7MWYkL1F0hLo+0Aexs9HSPCtR1SXQ0TD3MMKrXZajbiQ=="],

    "bl": ["bl@4.1.0", "", { "dependencies": { "buffer": "^5.5.0", "inherits": "^2.0.4", "readable-stream": "^3.4.0" } }, "sha512-1W07cM9gS6DcLperZfFSj+bWLtaPGSOHWhPiGzXmvVJbRLdG82sH/Kn8EtW1VqWVA54AKf2h5k5BbnIbwF3h6w=="],

    "buffer": ["buffer@5.7.1", "", { "dependencies": { "base64-js": "^1.3.1", "ieee754": "^1.1.13" } }, "sha512-EHcyIPBQ4BSGlvjB16k5KgAJ27CIsHY/2JBmCRReo48y9rQ3MaUzWX3KVlBa4U7MyX02HdVj0K7C3WaB3ju7FQ=="],

    "bun": ["bun@1.3.4", "", { "optionalDependencies": { "@oven/bun-darwin-aarch64": "1.3.4", "@oven/bun-darwin-x64": "1.3.4", "@oven/bun-darwin-x64-baseline": "1.3.4", "@oven/bun-linux-aarch64": "1.3.4", "@oven/bun-linux-aarch64-musl": "1.3.4", "@oven/bun-linux-x64": "1.3.4", "@oven/bun-linux-x64-baseline": "1.3.4", "@oven/bun-linux-x64-musl": "1.3.4", "@oven/bun-linux-x64-musl-baseline": "1.3.4", "@oven/bun-windows-x64": "1.3.4", "@oven/bun-windows-x64-baseline": "1.3.4" }, "os": [ "linux", "win32", "darwin", ], "cpu": [ "x64", "arm64", ], "bin": { "bun": "bin/bun.exe", "bunx": "bin/bunx.exe" } }, "sha512-xV6KgD5ImquuKsoghzbWmYzeCXmmSgN6yJGz444hri2W+NGKNRFUNrEhy9+/rRXbvNA2qF0K0jAwqFNy1/GhBg=="],

    "bun-types": ["bun-types@1.3.4", "", { "dependencies": { "@types/node": "*" } }, "sha512-5ua817+BZPZOlNaRgGBpZJOSAQ9RQ17pkwPD0yR7CfJg+r8DgIILByFifDTa+IPDDxzf5VNhtNlcKqFzDgJvlQ=="],

    "chownr": ["chownr@1.1.4", "", {}, "sha512-jJ0bqzaylmJtVnNgzTeSOs8DPavpbYgEr/b0YL8/2GO3xJEhInFmhKMUnEJQjZumK7KXGFhUy89PrsJWlakBVg=="],

    "claude-hooks-sdk": ["claude-hooks-sdk@0.8.6", "", { "dependencies": { "better-sqlite3": "^12.4.6", "unique-names-generator": "^4.7.1" } }, "sha512-UbHlWaWg6kQ3fAOaeuC2NADnROrJ+/y5Ac4XpcaAVRs7+ozMoNrbNs7i8QWuHWDa2PCLTjE74N8FoGbRo9hKzw=="],

    "commander": ["commander@14.0.2", "", {}, "sha512-TywoWNNRbhoD0BXs1P3ZEScW8W5iKrnbithIl0YH+uCmBd0QpPOA8yc82DS3BIE5Ma6FnBVUsJ7wVUDz4dvOWQ=="],

    "decompress-response": ["decompress-response@6.0.0", "", { "dependencies": { "mimic-response": "^3.1.0" } }, "sha512-aW35yZM6Bb/4oJlZncMH2LCoZtJXTRxES17vE3hoRiowU2kWHaJKFkSBDnDR+cm9J+9QhXmREyIfv0pji9ejCQ=="],

    "deep-extend": ["deep-extend@0.6.0", "", {}, "sha512-LOHxIOaPYdHlJRtCQfDIVZtfw/ufM8+rVj649RIHzcm/vGwQRXFt6OPqIFWsm2XEMrNIEtWR64sY1LEKD2vAOA=="],

    "detect-libc": ["detect-libc@2.1.2", "", {}, "sha512-Btj2BOOO83o3WyH59e8MgXsxEQVcarkUOpEYrubB0urwnN10yQ364rsiByU11nZlqWYZm05i/of7io4mzihBtQ=="],

    "discord-api-types": ["discord-api-types@0.38.37", "", {}, "sha512-Cv47jzY1jkGkh5sv0bfHYqGgKOWO1peOrGMkDFM4UmaGMOTgOW8QSexhvixa9sVOiz8MnVOBryWYyw/CEVhj7w=="],

    "discord.js": ["discord.js@14.25.1", "", { "dependencies": { "@discordjs/builders": "^1.13.0", "@discordjs/collection": "1.5.3", "@discordjs/formatters": "^0.6.2", "@discordjs/rest": "^2.6.0", "@discordjs/util": "^1.2.0", "@discordjs/ws": "^1.2.3", "@sapphire/snowflake": "3.5.3", "discord-api-types": "^0.38.33", "fast-deep-equal": "3.1.3", "lodash.snakecase": "4.1.1", "magic-bytes.js": "^1.10.0", "tslib": "^2.6.3", "undici": "6.21.3" } }, "sha512-2l0gsPOLPs5t6GFZfQZKnL1OJNYFcuC/ETWsW4VtKVD/tg4ICa9x+jb9bkPffkMdRpRpuUaO/fKkHCBeiCKh8g=="],

    "end-of-stream": ["end-of-stream@1.4.5", "", { "dependencies": { "once": "^1.4.0" } }, "sha512-ooEGc6HP26xXq/N+GCGOT0JKCLDGrq2bQUZrQ7gyrJiZANJ/8YDTxTpQBXGMn+WbIQXNVpyWymm7KYVICQnyOg=="],

    "expand-template": ["expand-template@2.0.3", "", {}, "sha512-XYfuKMvj4O35f/pOXLObndIRvyQ+/+6AhODh+OKWj9S9498pHHn/IMszH+gt0fBCRWMNfk1ZSp5x3AifmnI2vg=="],

    "fast-deep-equal": ["fast-deep-equal@3.1.3", "", {}, "sha512-f3qQ9oQy9j2AhBe/H9VC91wLmKBCCU/gDOnKNAYG5hswO7BLKj09Hc5HYNz9cGI++xlpDCIgDaitVs03ATR84Q=="],

    "file-uri-to-path": ["file-uri-to-path@1.0.0", "", {}, "sha512-0Zt+s3L7Vf1biwWZ29aARiVYLx7iMGnEUl9x33fbB/j3jR81u/O2LbqK+Bm1CDSNDKVtJ/YjwY7TUd5SkeLQLw=="],

    "fs-constants": ["fs-constants@1.0.0", "", {}, "sha512-y6OAwoSIf7FyjMIv94u+b5rdheZEjzR63GTyZJm5qh4Bi+2YgwLCcI/fPFZkL5PSixOt6ZNKm+w+Hfp/Bciwow=="],

    "github-from-package": ["github-from-package@0.0.0", "", {}, "sha512-SyHy3T1v2NUXn29OsWdxmK6RwHD+vkj3v8en8AOBZ1wBQ/hCAQ5bAQTD02kW4W9tUp/3Qh6J8r9EvntiyCmOOw=="],

    "ieee754": ["ieee754@1.2.1", "", {}, "sha512-dcyqhDvX1C46lXZcVqCpK+FtMRQVdIMN6/Df5js2zouUsqG7I6sFxitIC+7KYK29KdXOLHdu9zL4sFnoVQnqaA=="],

    "inherits": ["inherits@2.0.4", "", {}, "sha512-k/vGaX4/Yla3WzyMCvTQOXYeIHvqOKtnqBduzTHpzpQZzAskKMhZ2K+EnBiSM9zGSoIFeMpXKxa4dYeZIQqewQ=="],

    "ini": ["ini@1.3.8", "", {}, "sha512-JV/yugV2uzW5iMRSiZAyDtQd+nxtUnjeLt0acNdw98kKLrvuRVyB80tsREOE7yvGVgalhZ6RNXCmEHkUKBKxew=="],

    "lodash": ["lodash@4.17.21", "", {}, "sha512-v2kDEe57lecTulaDIuNTPy3Ry4gLGJ6Z1O3vE1krgXZNrsQ+LFTGHVxVjcXPs17LhbZVGedAJv8XZ1tvj5FvSg=="],

    "lodash.snakecase": ["lodash.snakecase@4.1.1", "", {}, "sha512-QZ1d4xoBHYUeuouhEq3lk3Uq7ldgyFXGBhg04+oRLnIz8o9T65Eh+8YdroUwn846zchkA9yDsDl5CVVaV2nqYw=="],

    "magic-bytes.js": ["magic-bytes.js@1.12.1", "", {}, "sha512-ThQLOhN86ZkJ7qemtVRGYM+gRgR8GEXNli9H/PMvpnZsE44Xfh3wx9kGJaldg314v85m+bFW6WBMaVHJc/c3zA=="],

    "marked": ["marked@17.0.1", "", { "bin": { "marked": "bin/marked.js" } }, "sha512-boeBdiS0ghpWcSwoNm/jJBwdpFaMnZWRzjA6SkUMYb40SVaN1x7mmfGKp0jvexGcx+7y2La5zRZsYFZI6Qpypg=="],

    "mimic-response": ["mimic-response@3.1.0", "", {}, "sha512-z0yWI+4FDrrweS8Zmt4Ej5HdJmky15+L2e6Wgn3+iK5fWzb6T3fhNFq2+MeTRb064c6Wr4N/wv0DzQTjNzHNGQ=="],

    "minimist": ["minimist@1.2.8", "", {}, "sha512-2yyAR8qBkN3YuheJanUpWC5U3bb5osDywNB8RzDVlDwDHbocAJveqqj1u8+SVD7jkWT4yvsHCpWqqWqAxb0zCA=="],

    "mkdirp-classic": ["mkdirp-classic@0.5.3", "", {}, "sha512-gKLcREMhtuZRwRAfqP3RFW+TK4JqApVBtOIftVgjuABpAtpxhPGaDcfvbhNvD0B8iD1oUr/txX35NjcaY6Ns/A=="],

    "napi-build-utils": ["napi-build-utils@2.0.0", "", {}, "sha512-GEbrYkbfF7MoNaoh2iGG84Mnf/WZfB0GdGEsM8wz7Expx/LlWf5U8t9nvJKXSp3qr5IsEbK04cBGhol/KwOsWA=="],

    "node-abi": ["node-abi@3.85.0", "", { "dependencies": { "semver": "^7.3.5" } }, "sha512-zsFhmbkAzwhTft6nd3VxcG0cvJsT70rL+BIGHWVq5fi6MwGrHwzqKaxXE+Hl2GmnGItnDKPPkO5/LQqjVkIdFg=="],

    "once": ["once@1.4.0", "", { "dependencies": { "wrappy": "1" } }, "sha512-lNaJgI+2Q5URQBkccEKHTQOPaXdUxnZZElQTZY0MFUAuaEqe1E+Nyvgdz/aIyNi6Z9MzO5dv1H8n58/GELp3+w=="],

    "prebuild-install": ["prebuild-install@7.1.3", "", { "dependencies": { "detect-libc": "^2.0.0", "expand-template": "^2.0.3", "github-from-package": "0.0.0", "minimist": "^1.2.3", "mkdirp-classic": "^0.5.3", "napi-build-utils": "^2.0.0", "node-abi": "^3.3.0", "pump": "^3.0.0", "rc": "^1.2.7", "simple-get": "^4.0.0", "tar-fs": "^2.0.0", "tunnel-agent": "^0.6.0" }, "bin": { "prebuild-install": "bin.js" } }, "sha512-8Mf2cbV7x1cXPUILADGI3wuhfqWvtiLA1iclTDbFRZkgRQS0NqsPZphna9V+HyTEadheuPmjaJMsbzKQFOzLug=="],

    "pump": ["pump@3.0.3", "", { "dependencies": { "end-of-stream": "^1.1.0", "once": "^1.3.1" } }, "sha512-todwxLMY7/heScKmntwQG8CXVkWUOdYxIvY2s0VWAAMh/nd8SoYiRaKjlr7+iCs984f2P8zvrfWcDDYVb73NfA=="],

    "rc": ["rc@1.2.8", "", { "dependencies": { "deep-extend": "^0.6.0", "ini": "~1.3.0", "minimist": "^1.2.0", "strip-json-comments": "~2.0.1" }, "bin": { "rc": "./cli.js" } }, "sha512-y3bGgqKj3QBdxLbLkomlohkvsA8gdAiUQlSBJnBhfn+BPxg4bc62d8TcBW15wavDfgexCgccckhcZvywyQYPOw=="],

    "readable-stream": ["readable-stream@3.6.2", "", { "dependencies": { "inherits": "^2.0.3", "string_decoder": "^1.1.1", "util-deprecate": "^1.0.1" } }, "sha512-9u/sniCrY3D5WdsERHzHE4G2YCXqoG5FTHUiCC4SIbr6XcLZBY05ya9EKjYek9O5xOAwjGq+1JdGBAS7Q9ScoA=="],

    "safe-buffer": ["safe-buffer@5.2.1", "", {}, "sha512-rp3So07KcdmmKbGvgaNxQSJr7bGVSVk5S9Eq1F+ppbRo70+YeaDxkw5Dd8NPN+GD6bjnYm2VuPuCXmpuYvmCXQ=="],

    "semver": ["semver@7.7.3", "", { "bin": { "semver": "bin/semver.js" } }, "sha512-SdsKMrI9TdgjdweUSR9MweHA4EJ8YxHn8DFaDisvhVlUOe4BF1tLD7GAj0lIqWVl+dPb/rExr0Btby5loQm20Q=="],

    "simple-concat": ["simple-concat@1.0.1", "", {}, "sha512-cSFtAPtRhljv69IK0hTVZQ+OfE9nePi/rtJmw5UjHeVyVroEqJXP1sFztKUy1qU+xvz3u/sfYJLa947b7nAN2Q=="],

    "simple-get": ["simple-get@4.0.1", "", { "dependencies": { "decompress-response": "^6.0.0", "once": "^1.3.1", "simple-concat": "^1.0.0" } }, "sha512-brv7p5WgH0jmQJr1ZDDfKDOSeWWg+OVypG99A/5vYGPqJ6pxiaHLy8nxtFjBA7oMa01ebA9gfh1uMCFqOuXxvA=="],

    "string_decoder": ["string_decoder@1.3.0", "", { "dependencies": { "safe-buffer": "~5.2.0" } }, "sha512-hkRX8U1WjJFd8LsDJ2yQ/wWWxaopEsABU1XfkM8A+j0+85JAGppt16cr1Whg6KIbb4okU6Mql6BOj+uup/wKeA=="],

    "strip-json-comments": ["strip-json-comments@2.0.1", "", {}, "sha512-4gB8na07fecVVkOI6Rs4e7T6NOTki5EmL7TUduTs6bu3EdnSycntVJ4re8kgZA+wx9IueI2Y11bfbgwtzuE0KQ=="],

    "tar-fs": ["tar-fs@2.1.4", "", { "dependencies": { "chownr": "^1.1.1", "mkdirp-classic": "^0.5.2", "pump": "^3.0.0", "tar-stream": "^2.1.4" } }, "sha512-mDAjwmZdh7LTT6pNleZ05Yt65HC3E+NiQzl672vQG38jIrehtJk/J3mNwIg+vShQPcLF/LV7CMnDW6vjj6sfYQ=="],

    "tar-stream": ["tar-stream@2.2.0", "", { "dependencies": { "bl": "^4.0.3", "end-of-stream": "^1.4.1", "fs-constants": "^1.0.0", "inherits": "^2.0.3", "readable-stream": "^3.1.1" } }, "sha512-ujeqbceABgwMZxEJnk2HDY2DlnUZ+9oEcb1KzTVfYHio0UE6dG71n60d8D2I4qNvleWrrXpmjpt7vZeF1LnMZQ=="],

    "ts-mixer": ["ts-mixer@6.0.4", "", {}, "sha512-ufKpbmrugz5Aou4wcr5Wc1UUFWOLhq+Fm6qa6P0w0K5Qw2yhaUoiWszhCVuNQyNwrlGiscHOmqYoAox1PtvgjA=="],

    "tslib": ["tslib@2.8.1", "", {}, "sha512-oJFu94HQb+KVduSUQL7wnpmqnfmLsOA/nAh6b6EH0wCEoK0/mPeXU6c3wKDV83MkOuHPRHtSXKKU99IBazS/2w=="],

    "tunnel-agent": ["tunnel-agent@0.6.0", "", { "dependencies": { "safe-buffer": "^5.0.1" } }, "sha512-McnNiV1l8RYeY8tBgEpuodCC1mLUdbSN+CYBL7kJsJNInOP8UjDDEwdk6Mw60vdLLrr5NHKZhMAOSrR2NZuQ+w=="],

    "typescript": ["typescript@5.9.3", "", { "bin": { "tsc": "bin/tsc", "tsserver": "bin/tsserver" } }, "sha512-jl1vZzPDinLr9eUt3J/t7V6FgNEw9QjvBPdysz9KfQDD41fQrC2Y4vKQdiaUpFT4bXlb1RHhLpp8wtm6M5TgSw=="],

    "undici": ["undici@6.21.3", "", {}, "sha512-gBLkYIlEnSp8pFbT64yFgGE6UIB9tAkhukC23PmMDCe5Nd+cRqKxSjw5y54MK2AZMgZfJWMaNE4nYUHgi1XEOw=="],

    "undici-types": ["undici-types@7.16.0", "", {}, "sha512-Zz+aZWSj8LE6zoxD+xrjh4VfkIG8Ya6LvYkZqtUQGJPZjYl53ypCaUwWqo7eI0x66KBGeRo+mlBEkMSeSZ38Nw=="],

    "unique-names-generator": ["unique-names-generator@4.7.1", "", {}, "sha512-lMx9dX+KRmG8sq6gulYYpKWZc9RlGsgBR6aoO8Qsm3qvkSJ+3rAymr+TnV8EDMrIrwuFJ4kruzMWM/OpYzPoow=="],

    "util-deprecate": ["util-deprecate@1.0.2", "", {}, "sha512-EPD5q1uXyFxJpCrLnCc1nHnq3gOa6DZBocAIiI2TaSCA7VCJ1UJDMagCzIkXNsUYfD1daK//LTEQ8xiIbrHtcw=="],

    "wrappy": ["wrappy@1.0.2", "", {}, "sha512-l4Sp/DRseor9wL6EvV2+TuQn63dMkPjZ/sp9XkghTEbV9KlPS1xUsZ3u7/IQO4wxtcFB4bgpQPRcR3QCvezPcQ=="],

    "ws": ["ws@8.18.3", "", { "peerDependencies": { "bufferutil": "^4.0.1", "utf-8-validate": ">=5.0.2" }, "optionalPeers": ["bufferutil", "utf-8-validate"] }, "sha512-PEIGCY5tSlUt50cqyMXfCzX+oOPqN0vuGqWzbcJ2xvnkzkq46oOpz7dQaTDBdfICb4N14+GARUDw2XV2N4tvzg=="],

    "@discordjs/rest/@discordjs/collection": ["@discordjs/collection@2.1.1", "", {}, "sha512-LiSusze9Tc7qF03sLCujF5iZp7K+vRNEDBZ86FT9aQAv3vxMLihUvKvpsCWiQ2DJq1tVckopKm1rxomgNUc9hg=="],

    "@discordjs/ws/@discordjs/collection": ["@discordjs/collection@2.1.1", "", {}, "sha512-LiSusze9Tc7qF03sLCujF5iZp7K+vRNEDBZ86FT9aQAv3vxMLihUvKvpsCWiQ2DJq1tVckopKm1rxomgNUc9hg=="],
  }
}
